
Microsoft Visual Studio Solution File, Format Version 12.00
# Visual Studio 2013
VisualStudioVersion = 12.0.40629.0
MinimumVisualStudioVersion = 10.0.40219.1
Project("{FAE04EC0-301F-11D3-BF4B-00C04F79EFBC}") = "RSSReader", "RSSReader\RSSReader.csproj", "{B32A4CD0-0D32-43F3-A741-11D7967AB275}"
EndProject
Global
	GlobalSection(SolutionConfigurationPlatforms) = preSolution
		Debug|Any CPU = Debug|Any CPU
		Release|Any CPU = Release|Any CPU
	EndGlobalSection
	GlobalSection(ProjectConfigurationPlatforms) = postSolution
		{B32A4CD0-0D32-43F3-A741-11D7967AB275}.Debug|Any CPU.ActiveCfg = Debug|Any CPU
		{B32A4CD0-0D32-43F3-A741-11D7967AB275}.Debug|Any CPU.Build.0 = Debug|Any CPU
		{B32A4CD0-0D32-43F3-A741-11D7967AB275}.Release|Any CPU.ActiveCfg = Release|Any CPU
		{B32A4CD0-0D32-43F3-A741-11D7967AB275}.Release|Any CPU.Build.0 = Release|Any CPU
	EndGlobalSection
	GlobalSection(SolutionProperties) = preSolution
		HideSolutionNode = FALSE
	EndGlobalSection
EndGlobal
