
Microsoft Visual Studio Solution File, Format Version 12.00
# Visual Studio 2013
VisualStudioVersion = 12.0.30501.0
MinimumVisualStudioVersion = 10.0.40219.1
Project("{FAE04EC0-301F-11D3-BF4B-00C04F79EFBC}") = "TextSorterConsole", "TextSorterConsole\TextSorterConsole\TextSorterConsole.csproj", "{5C9EAD00-19A3-45A4-96CC-EFD7913B4E41}"
EndProject
Project("{FAE04EC0-301F-11D3-BF4B-00C04F79EFBC}") = "TextSorterLibrary", "TextSorterLibrary\TextSorterLibrary\TextSorterLibrary.csproj", "{685E9AB6-97BF-40C2-95C6-981C89CBF998}"
EndProject
Global
	GlobalSection(SolutionConfigurationPlatforms) = preSolution
		Debug|Any CPU = Debug|Any CPU
		Release|Any CPU = Release|Any CPU
	EndGlobalSection
	GlobalSection(ProjectConfigurationPlatforms) = postSolution
		{5C9EAD00-19A3-45A4-96CC-EFD7913B4E41}.Debug|Any CPU.ActiveCfg = Debug|Any CPU
		{5C9EAD00-19A3-45A4-96CC-EFD7913B4E41}.Debug|Any CPU.Build.0 = Debug|Any CPU
		{5C9EAD00-19A3-45A4-96CC-EFD7913B4E41}.Release|Any CPU.ActiveCfg = Release|Any CPU
		{5C9EAD00-19A3-45A4-96CC-EFD7913B4E41}.Release|Any CPU.Build.0 = Release|Any CPU
		{685E9AB6-97BF-40C2-95C6-981C89CBF998}.Debug|Any CPU.ActiveCfg = Debug|Any CPU
		{685E9AB6-97BF-40C2-95C6-981C89CBF998}.Debug|Any CPU.Build.0 = Debug|Any CPU
		{685E9AB6-97BF-40C2-95C6-981C89CBF998}.Release|Any CPU.ActiveCfg = Release|Any CPU
		{685E9AB6-97BF-40C2-95C6-981C89CBF998}.Release|Any CPU.Build.0 = Release|Any CPU
	EndGlobalSection
	GlobalSection(SolutionProperties) = preSolution
		HideSolutionNode = FALSE
	EndGlobalSection
EndGlobal
